
Microsoft Visual Studio Solution File, Format Version 12.00
# Visual Studio 14
VisualStudioVersion = 14.0.24720.0
MinimumVisualStudioVersion = 10.0.40219.1
Project("{888888A0-9F3D-457C-B088-3A5042F75D52}") = "IpSync.ServerPy", "IpSync.ServerPy\IpSync.ServerPy.pyproj", "{6F6ADF44-1F12-4ACB-B085-6BD36420DF6A}"
EndProject
Project("{FAE04EC0-301F-11D3-BF4B-00C04F79EFBC}") = "IpSync.ServerWin", "IpSync.ServerWin\IpSync.ServerWin.csproj", "{D417CAA3-883A-4A35-8274-693077C7EAD3}"
EndProject
Project("{FAE04EC0-301F-11D3-BF4B-00C04F79EFBC}") = "IpSync.ServerPy.Wrapper", "IpSync.ServerPy.Wrapper\IpSync.ServerPy.Wrapper.csproj", "{389D766E-CDA3-42E5-9DEF-70D3C5BBFE03}"
EndProject
Global
	GlobalSection(SolutionConfigurationPlatforms) = preSolution
		Debug|Any CPU = Debug|Any CPU
		Release|Any CPU = Release|Any CPU
	EndGlobalSection
	GlobalSection(ProjectConfigurationPlatforms) = postSolution
		{6F6ADF44-1F12-4ACB-B085-6BD36420DF6A}.Debug|Any CPU.ActiveCfg = Debug|Any CPU
		{6F6ADF44-1F12-4ACB-B085-6BD36420DF6A}.Release|Any CPU.ActiveCfg = Release|Any CPU
		{D417CAA3-883A-4A35-8274-693077C7EAD3}.Debug|Any CPU.ActiveCfg = Debug|Any CPU
		{D417CAA3-883A-4A35-8274-693077C7EAD3}.Debug|Any CPU.Build.0 = Debug|Any CPU
		{D417CAA3-883A-4A35-8274-693077C7EAD3}.Release|Any CPU.ActiveCfg = Release|Any CPU
		{D417CAA3-883A-4A35-8274-693077C7EAD3}.Release|Any CPU.Build.0 = Release|Any CPU
		{389D766E-CDA3-42E5-9DEF-70D3C5BBFE03}.Debug|Any CPU.ActiveCfg = Debug|Any CPU
		{389D766E-CDA3-42E5-9DEF-70D3C5BBFE03}.Debug|Any CPU.Build.0 = Debug|Any CPU
		{389D766E-CDA3-42E5-9DEF-70D3C5BBFE03}.Release|Any CPU.ActiveCfg = Release|Any CPU
		{389D766E-CDA3-42E5-9DEF-70D3C5BBFE03}.Release|Any CPU.Build.0 = Release|Any CPU
	EndGlobalSection
	GlobalSection(SolutionProperties) = preSolution
		HideSolutionNode = FALSE
	EndGlobalSection
EndGlobal
